
Microsoft Visual Studio Solution File, Format Version 12.00
Project("{2150E333-8FDC-42A3-9474-1A3956D46DE8}") = "src", "src", "{BFD783FC-27F3-48A4-926E-810D15EC0EAE}"
EndProject
Project("{2150E333-8FDC-42A3-9474-1A3956D46DE8}") = "Core", "Core", "{5A10F3FB-D2D9-4FE3-B62F-BF62CB547C95}"
EndProject
Project("{FAE04EC0-301F-11D3-BF4B-00C04F79EFBC}") = "ProductCore", "ProductCore\ProductCore.csproj", "{F96594AA-A932-419B-A538-89B30C6B172A}"
EndProject
Project("{FAE04EC0-301F-11D3-BF4B-00C04F79EFBC}") = "OrderCore", "OrderCore\OrderCore.csproj", "{F88511BD-32FF-473A-80CA-963E6B0B26EC}"
EndProject
Project("{FAE04EC0-301F-11D3-BF4B-00C04F79EFBC}") = "SupplierCore", "SupplierCore\SupplierCore.csproj", "{7C1C829F-179F-4C4D-9687-5396D524FE32}"
EndProject
Project("{FAE04EC0-301F-11D3-BF4B-00C04F79EFBC}") = "ReportingCore", "ReportingCore\ReportingCore.csproj", "{334B93BA-0D66-44A4-9E23-05C92E21F2E7}"
EndProject
Global
	GlobalSection(SolutionConfigurationPlatforms) = preSolution
		Debug|Any CPU = Debug|Any CPU
		Release|Any CPU = Release|Any CPU
	EndGlobalSection
	GlobalSection(ProjectConfigurationPlatforms) = postSolution
		{F96594AA-A932-419B-A538-89B30C6B172A}.Debug|Any CPU.ActiveCfg = Debug|Any CPU
		{F96594AA-A932-419B-A538-89B30C6B172A}.Debug|Any CPU.Build.0 = Debug|Any CPU
		{F96594AA-A932-419B-A538-89B30C6B172A}.Release|Any CPU.ActiveCfg = Release|Any CPU
		{F96594AA-A932-419B-A538-89B30C6B172A}.Release|Any CPU.Build.0 = Release|Any CPU
		{F88511BD-32FF-473A-80CA-963E6B0B26EC}.Debug|Any CPU.ActiveCfg = Debug|Any CPU
		{F88511BD-32FF-473A-80CA-963E6B0B26EC}.Debug|Any CPU.Build.0 = Debug|Any CPU
		{F88511BD-32FF-473A-80CA-963E6B0B26EC}.Release|Any CPU.ActiveCfg = Release|Any CPU
		{F88511BD-32FF-473A-80CA-963E6B0B26EC}.Release|Any CPU.Build.0 = Release|Any CPU
		{7C1C829F-179F-4C4D-9687-5396D524FE32}.Debug|Any CPU.ActiveCfg = Debug|Any CPU
		{7C1C829F-179F-4C4D-9687-5396D524FE32}.Debug|Any CPU.Build.0 = Debug|Any CPU
		{7C1C829F-179F-4C4D-9687-5396D524FE32}.Release|Any CPU.ActiveCfg = Release|Any CPU
		{7C1C829F-179F-4C4D-9687-5396D524FE32}.Release|Any CPU.Build.0 = Release|Any CPU
		{334B93BA-0D66-44A4-9E23-05C92E21F2E7}.Debug|Any CPU.ActiveCfg = Debug|Any CPU
		{334B93BA-0D66-44A4-9E23-05C92E21F2E7}.Debug|Any CPU.Build.0 = Debug|Any CPU
		{334B93BA-0D66-44A4-9E23-05C92E21F2E7}.Release|Any CPU.ActiveCfg = Release|Any CPU
		{334B93BA-0D66-44A4-9E23-05C92E21F2E7}.Release|Any CPU.Build.0 = Release|Any CPU
	EndGlobalSection
	GlobalSection(NestedProjects) = preSolution
		{5A10F3FB-D2D9-4FE3-B62F-BF62CB547C95} = {BFD783FC-27F3-48A4-926E-810D15EC0EAE}
		{F96594AA-A932-419B-A538-89B30C6B172A} = {5A10F3FB-D2D9-4FE3-B62F-BF62CB547C95}
		{F88511BD-32FF-473A-80CA-963E6B0B26EC} = {5A10F3FB-D2D9-4FE3-B62F-BF62CB547C95}
		{7C1C829F-179F-4C4D-9687-5396D524FE32} = {5A10F3FB-D2D9-4FE3-B62F-BF62CB547C95}
		{334B93BA-0D66-44A4-9E23-05C92E21F2E7} = {5A10F3FB-D2D9-4FE3-B62F-BF62CB547C95}
	EndGlobalSection
EndGlobal
