
Microsoft Visual Studio Solution File, Format Version 12.00
Project("{2150E333-8FDC-42A3-9474-1A3956D46DE8}") = "src", "src", "{BFD783FC-27F3-48A4-926E-810D15EC0EAE}"
EndProject
Project("{2150E333-8FDC-42A3-9474-1A3956D46DE8}") = "Core", "Core", "{5A10F3FB-D2D9-4FE3-B62F-BF62CB547C95}"
EndProject
Global
	GlobalSection(SolutionConfigurationPlatforms) = preSolution
		Debug|Any CPU = Debug|Any CPU
		Release|Any CPU = Release|Any CPU
	EndGlobalSection
	GlobalSection(ProjectConfigurationPlatforms) = postSolution
	EndGlobalSection
	GlobalSection(NestedProjects) = preSolution
		{5A10F3FB-D2D9-4FE3-B62F-BF62CB547C95} = {BFD783FC-27F3-48A4-926E-810D15EC0EAE}
	EndGlobalSection
EndGlobal
